
Microsoft Visual Studio Solution File, Format Version 12.00
# Visual Studio 15
VisualStudioVersion = 15.0.27703.2026
MinimumVisualStudioVersion = 10.0.40219.1
Project("{2150E333-8FDC-42A3-9474-1A3956D46DE8}") = "Tests", "Tests", "{DF4675E5-8B96-4EF9-9380-369B9159A57C}"
EndProject
Project("{9A19103F-16F7-4668-BE54-9A1E7A4F7556}") = "Archetypical.Software.Vitruvian", "Vitruvian\Archetypical.Software.Vitruvian.csproj", "{6F73D244-773A-4BC4-8D21-B7EA0824018C}"
EndProject
Project("{9A19103F-16F7-4668-BE54-9A1E7A4F7556}") = "Archetypical.Software.Vitruvian.Web.Gateway", "Vitruvian.Web.Gateway\Archetypical.Software.Vitruvian.Web.Gateway.csproj", "{D9D15E0E-9522-418F-99EC-99DCAAF0B73E}"
EndProject
Project("{9A19103F-16F7-4668-BE54-9A1E7A4F7556}") = "Archetypical.Software.Vitruvian.Samples", "Vitruvian.Samples\Archetypical.Software.Vitruvian.Samples.csproj", "{87FB09DB-D4DC-4D40-8DF6-67452B15FC93}"
EndProject
Global
	GlobalSection(SolutionConfigurationPlatforms) = preSolution
		Debug|Any CPU = Debug|Any CPU
		Release|Any CPU = Release|Any CPU
	EndGlobalSection
	GlobalSection(ProjectConfigurationPlatforms) = postSolution
		{6F73D244-773A-4BC4-8D21-B7EA0824018C}.Debug|Any CPU.ActiveCfg = Debug|Any CPU
		{6F73D244-773A-4BC4-8D21-B7EA0824018C}.Debug|Any CPU.Build.0 = Debug|Any CPU
		{6F73D244-773A-4BC4-8D21-B7EA0824018C}.Release|Any CPU.ActiveCfg = Release|Any CPU
		{6F73D244-773A-4BC4-8D21-B7EA0824018C}.Release|Any CPU.Build.0 = Release|Any CPU
		{D9D15E0E-9522-418F-99EC-99DCAAF0B73E}.Debug|Any CPU.ActiveCfg = Debug|Any CPU
		{D9D15E0E-9522-418F-99EC-99DCAAF0B73E}.Debug|Any CPU.Build.0 = Debug|Any CPU
		{D9D15E0E-9522-418F-99EC-99DCAAF0B73E}.Release|Any CPU.ActiveCfg = Release|Any CPU
		{D9D15E0E-9522-418F-99EC-99DCAAF0B73E}.Release|Any CPU.Build.0 = Release|Any CPU
		{87FB09DB-D4DC-4D40-8DF6-67452B15FC93}.Debug|Any CPU.ActiveCfg = Debug|Any CPU
		{87FB09DB-D4DC-4D40-8DF6-67452B15FC93}.Debug|Any CPU.Build.0 = Debug|Any CPU
		{87FB09DB-D4DC-4D40-8DF6-67452B15FC93}.Release|Any CPU.ActiveCfg = Release|Any CPU
		{87FB09DB-D4DC-4D40-8DF6-67452B15FC93}.Release|Any CPU.Build.0 = Release|Any CPU
	EndGlobalSection
	GlobalSection(SolutionProperties) = preSolution
		HideSolutionNode = FALSE
	EndGlobalSection
	GlobalSection(NestedProjects) = preSolution
		{D9D15E0E-9522-418F-99EC-99DCAAF0B73E} = {DF4675E5-8B96-4EF9-9380-369B9159A57C}
		{87FB09DB-D4DC-4D40-8DF6-67452B15FC93} = {DF4675E5-8B96-4EF9-9380-369B9159A57C}
	EndGlobalSection
	GlobalSection(ExtensibilityGlobals) = postSolution
		SolutionGuid = {7C89E520-A431-470B-896F-F0A2B04BE761}
	EndGlobalSection
EndGlobal
